
Microsoft Visual Studio Solution File, Format Version 12.00
# Visual Studio Version 16
VisualStudioVersion = 16.0.32228.343
MinimumVisualStudioVersion = 10.0.40219.1
Project("{FAE04EC0-301F-11D3-BF4B-00C04F79EFBC}") = "setNum_IntArray_Generator", "setNum_IntArray_Generator\setNum_IntArray_Generator.csproj", "{5C19C417-1AF3-4628-9906-3607DC9882F2}"
EndProject
Global
	GlobalSection(SolutionConfigurationPlatforms) = preSolution
		Debug|Any CPU = Debug|Any CPU
		Release|Any CPU = Release|Any CPU
	EndGlobalSection
	GlobalSection(ProjectConfigurationPlatforms) = postSolution
		{5C19C417-1AF3-4628-9906-3607DC9882F2}.Debug|Any CPU.ActiveCfg = Debug|Any CPU
		{5C19C417-1AF3-4628-9906-3607DC9882F2}.Debug|Any CPU.Build.0 = Debug|Any CPU
		{5C19C417-1AF3-4628-9906-3607DC9882F2}.Release|Any CPU.ActiveCfg = Release|Any CPU
		{5C19C417-1AF3-4628-9906-3607DC9882F2}.Release|Any CPU.Build.0 = Release|Any CPU
	EndGlobalSection
	GlobalSection(SolutionProperties) = preSolution
		HideSolutionNode = FALSE
	EndGlobalSection
	GlobalSection(ExtensibilityGlobals) = postSolution
		SolutionGuid = {755299D5-CCFE-494C-AEFB-16FAB37773F5}
	EndGlobalSection
EndGlobal
